// !$*UTF8*$!
{
	archiveVersion = 1;
	classes = {
	};
	objectVersion = 55;
	objects = {

/* Begin PBXBuildFile section */
		0B22D11C28A122DC004F69C2 /* PastableTextField.swift in Sources */ = {isa = PBXBuildFile; fileRef = 0B22D11B28A122DC004F69C2 /* PastableTextField.swift */; };
		0B22D11F28A1255A004F69C2 /* icons8-paste.png in Resources */ = {isa = PBXBuildFile; fileRef = 0B22D11E28A1255A004F69C2 /* icons8-paste.png */; };
		0B6A965D289D756F001D4A7A /* AppDelegate.swift in Sources */ = {isa = PBXBuildFile; fileRef = 0B6A965C289D756F001D4A7A /* AppDelegate.swift */; };
		0B6A965F289D756F001D4A7A /* SceneDelegate.swift in Sources */ = {isa = PBXBuildFile; fileRef = 0B6A965E289D756F001D4A7A /* SceneDelegate.swift */; };
		0B6A9661289D756F001D4A7A /* ViewController.swift in Sources */ = {isa = PBXBuildFile; fileRef = 0B6A9660289D756F001D4A7A /* ViewController.swift */; };
		0B6A9664289D756F001D4A7A /* Main.storyboard in Resources */ = {isa = PBXBuildFile; fileRef = 0B6A9662289D756F001D4A7A /* Main.storyboard */; };
		0B6A9666289D7570001D4A7A /* Assets.xcassets in Resources */ = {isa = PBXBuildFile; fileRef = 0B6A9665289D7570001D4A7A /* Assets.xcassets */; };
		0B6A9669289D7570001D4A7A /* LaunchScreen.storyboard in Resources */ = {isa = PBXBuildFile; fileRef = 0B6A9667289D7570001D4A7A /* LaunchScreen.storyboard */; };
		0B6A9674289D7571001D4A7A /* PasteHelperDemoTests.swift in Sources */ = {isa = PBXBuildFile; fileRef = 0B6A9673289D7571001D4A7A /* PasteHelperDemoTests.swift */; };
		0B6A967E289D7571001D4A7A /* PasteHelperDemoUITests.swift in Sources */ = {isa = PBXBuildFile; fileRef = 0B6A967D289D7571001D4A7A /* PasteHelperDemoUITests.swift */; };
		0B6A9680289D7571001D4A7A /* PasteHelperDemoUITestsLaunchTests.swift in Sources */ = {isa = PBXBuildFile; fileRef = 0B6A967F289D7571001D4A7A /* PasteHelperDemoUITestsLaunchTests.swift */; };
		0B6A968D289D7597001D4A7A /* LContextView.swift in Sources */ = {isa = PBXBuildFile; fileRef = 0B6A968C289D7597001D4A7A /* LContextView.swift */; };
		0B6A968F289D75D0001D4A7A /* Extensions.swift in Sources */ = {isa = PBXBuildFile; fileRef = 0B6A968E289D75D0001D4A7A /* Extensions.swift */; };
/* End PBXBuildFile section */

/* Begin PBXContainerItemProxy section */
		0B6A9670289D7571001D4A7A /* PBXContainerItemProxy */ = {
			isa = PBXContainerItemProxy;
			containerPortal = 0B6A9651289D756F001D4A7A /* Project object */;
			proxyType = 1;
			remoteGlobalIDString = 0B6A9658289D756F001D4A7A;
			remoteInfo = PasteHelperDemo;
		};
		0B6A967A289D7571001D4A7A /* PBXContainerItemProxy */ = {
			isa = PBXContainerItemProxy;
			containerPortal = 0B6A9651289D756F001D4A7A /* Project object */;
			proxyType = 1;
			remoteGlobalIDString = 0B6A9658289D756F001D4A7A;
			remoteInfo = PasteHelperDemo;
		};
/* End PBXContainerItemProxy section */

/* Begin PBXFileReference section */
		0B22D11B28A122DC004F69C2 /* PastableTextField.swift */ = {isa = PBXFileReference; lastKnownFileType = sourcecode.swift; path = PastableTextField.swift; sourceTree = "<group>"; };
		0B22D11E28A1255A004F69C2 /* icons8-paste.png */ = {isa = PBXFileReference; lastKnownFileType = image.png; path = "icons8-paste.png"; sourceTree = "<group>"; };
		0B6A9659289D756F001D4A7A /* PasteHelperDemo.app */ = {isa = PBXFileReference; explicitFileType = wrapper.application; includeInIndex = 0; path = PasteHelperDemo.app; sourceTree = BUILT_PRODUCTS_DIR; };
		0B6A965C289D756F001D4A7A /* AppDelegate.swift */ = {isa = PBXFileReference; lastKnownFileType = sourcecode.swift; path = AppDelegate.swift; sourceTree = "<group>"; };
		0B6A965E289D756F001D4A7A /* SceneDelegate.swift */ = {isa = PBXFileReference; lastKnownFileType = sourcecode.swift; path = SceneDelegate.swift; sourceTree = "<group>"; };
		0B6A9660289D756F001D4A7A /* ViewController.swift */ = {isa = PBXFileReference; lastKnownFileType = sourcecode.swift; path = ViewController.swift; sourceTree = "<group>"; };
		0B6A9663289D756F001D4A7A /* Base */ = {isa = PBXFileReference; lastKnownFileType = file.storyboard; name = Base; path = Base.lproj/Main.storyboard; sourceTree = "<group>"; };
		0B6A9665289D7570001D4A7A /* Assets.xcassets */ = {isa = PBXFileReference; lastKnownFileType = folder.assetcatalog; path = Assets.xcassets; sourceTree = "<group>"; };
		0B6A9668289D7570001D4A7A /* Base */ = {isa = PBXFileReference; lastKnownFileType = file.storyboard; name = Base; path = Base.lproj/LaunchScreen.storyboard; sourceTree = "<group>"; };
		0B6A966A289D7570001D4A7A /* Info.plist */ = {isa = PBXFileReference; lastKnownFileType = text.plist.xml; path = Info.plist; sourceTree = "<group>"; };
		0B6A966F289D7571001D4A7A /* PasteHelperDemoTests.xctest */ = {isa = PBXFileReference; explicitFileType = wrapper.cfbundle; includeInIndex = 0; path = PasteHelperDemoTests.xctest; sourceTree = BUILT_PRODUCTS_DIR; };
		0B6A9673289D7571001D4A7A /* PasteHelperDemoTests.swift */ = {isa = PBXFileReference; lastKnownFileType = sourcecode.swift; path = PasteHelperDemoTests.swift; sourceTree = "<group>"; };
		0B6A9679289D7571001D4A7A /* PasteHelperDemoUITests.xctest */ = {isa = PBXFileReference; explicitFileType = wrapper.cfbundle; includeInIndex = 0; path = PasteHelperDemoUITests.xctest; sourceTree = BUILT_PRODUCTS_DIR; };
		0B6A967D289D7571001D4A7A /* PasteHelperDemoUITests.swift */ = {isa = PBXFileReference; lastKnownFileType = sourcecode.swift; path = PasteHelperDemoUITests.swift; sourceTree = "<group>"; };
		0B6A967F289D7571001D4A7A /* PasteHelperDemoUITestsLaunchTests.swift */ = {isa = PBXFileReference; lastKnownFileType = sourcecode.swift; path = PasteHelperDemoUITestsLaunchTests.swift; sourceTree = "<group>"; };
		0B6A968C289D7597001D4A7A /* LContextView.swift */ = {isa = PBXFileReference; lastKnownFileType = sourcecode.swift; path = LContextView.swift; sourceTree = "<group>"; };
		0B6A968E289D75D0001D4A7A /* Extensions.swift */ = {isa = PBXFileReference; lastKnownFileType = sourcecode.swift; path = Extensions.swift; sourceTree = "<group>"; };
/* End PBXFileReference section */

/* Begin PBXFrameworksBuildPhase section */
		0B6A9656289D756F001D4A7A /* Frameworks */ = {
			isa = PBXFrameworksBuildPhase;
			buildActionMask = 2147483647;
			files = (
			);
			runOnlyForDeploymentPostprocessing = 0;
		};
		0B6A966C289D7571001D4A7A /* Frameworks */ = {
			isa = PBXFrameworksBuildPhase;
			buildActionMask = 2147483647;
			files = (
			);
			runOnlyForDeploymentPostprocessing = 0;
		};
		0B6A9676289D7571001D4A7A /* Frameworks */ = {
			isa = PBXFrameworksBuildPhase;
			buildActionMask = 2147483647;
			files = (
			);
			runOnlyForDeploymentPostprocessing = 0;
		};
/* End PBXFrameworksBuildPhase section */

/* Begin PBXGroup section */
		0B22D11D28A12307004F69C2 /* SourceFiles */ = {
			isa = PBXGroup;
			children = (
				0B22D11E28A1255A004F69C2 /* icons8-paste.png */,
				0B6A968E289D75D0001D4A7A /* Extensions.swift */,
				0B6A968C289D7597001D4A7A /* LContextView.swift */,
				0B22D11B28A122DC004F69C2 /* PastableTextField.swift */,
			);
			path = SourceFiles;
			sourceTree = "<group>";
		};
		0B6A9650289D756F001D4A7A = {
			isa = PBXGroup;
			children = (
				0B6A965B289D756F001D4A7A /* PasteHelperDemo */,
				0B6A9672289D7571001D4A7A /* PasteHelperDemoTests */,
				0B6A967C289D7571001D4A7A /* PasteHelperDemoUITests */,
				0B6A965A289D756F001D4A7A /* Products */,
			);
			sourceTree = "<group>";
		};
		0B6A965A289D756F001D4A7A /* Products */ = {
			isa = PBXGroup;
			children = (
				0B6A9659289D756F001D4A7A /* PasteHelperDemo.app */,
				0B6A966F289D7571001D4A7A /* PasteHelperDemoTests.xctest */,
				0B6A9679289D7571001D4A7A /* PasteHelperDemoUITests.xctest */,
			);
			name = Products;
			sourceTree = "<group>";
		};
		0B6A965B289D756F001D4A7A /* PasteHelperDemo */ = {
			isa = PBXGroup;
			children = (
				0B22D11D28A12307004F69C2 /* SourceFiles */,
				0B6A965C289D756F001D4A7A /* AppDelegate.swift */,
				0B6A965E289D756F001D4A7A /* SceneDelegate.swift */,
				0B6A9660289D756F001D4A7A /* ViewController.swift */,
				0B6A9662289D756F001D4A7A /* Main.storyboard */,
				0B6A9665289D7570001D4A7A /* Assets.xcassets */,
				0B6A9667289D7570001D4A7A /* LaunchScreen.storyboard */,
				0B6A966A289D7570001D4A7A /* Info.plist */,
			);
			path = PasteHelperDemo;
			sourceTree = "<group>";
		};
		0B6A9672289D7571001D4A7A /* PasteHelperDemoTests */ = {
			isa = PBXGroup;
			children = (
				0B6A9673289D7571001D4A7A /* PasteHelperDemoTests.swift */,
			);
			path = PasteHelperDemoTests;
			sourceTree = "<group>";
		};
		0B6A967C289D7571001D4A7A /* PasteHelperDemoUITests */ = {
			isa = PBXGroup;
			children = (
				0B6A967D289D7571001D4A7A /* PasteHelperDemoUITests.swift */,
				0B6A967F289D7571001D4A7A /* PasteHelperDemoUITestsLaunchTests.swift */,
			);
			path = PasteHelperDemoUITests;
			sourceTree = "<group>";
		};
/* End PBXGroup section */

/* Begin PBXNativeTarget section */
		0B6A9658289D756F001D4A7A /* PasteHelperDemo */ = {
			isa = PBXNativeTarget;
			buildConfigurationList = 0B6A9683289D7571001D4A7A /* Build configuration list for PBXNativeTarget "PasteHelperDemo" */;
			buildPhases = (
				0B6A9655289D756F001D4A7A /* Sources */,
				0B6A9656289D756F001D4A7A /* Frameworks */,
				0B6A9657289D756F001D4A7A /* Resources */,
			);
			buildRules = (
			);
			dependencies = (
			);
			name = PasteHelperDemo;
			productName = PasteHelperDemo;
			productReference = 0B6A9659289D756F001D4A7A /* PasteHelperDemo.app */;
			productType = "com.apple.product-type.application";
		};
		0B6A966E289D7571001D4A7A /* PasteHelperDemoTests */ = {
			isa = PBXNativeTarget;
			buildConfigurationList = 0B6A9686289D7571001D4A7A /* Build configuration list for PBXNativeTarget "PasteHelperDemoTests" */;
			buildPhases = (
				0B6A966B289D7571001D4A7A /* Sources */,
				0B6A966C289D7571001D4A7A /* Frameworks */,
				0B6A966D289D7571001D4A7A /* Resources */,
			);
			buildRules = (
			);
			dependencies = (
				0B6A9671289D7571001D4A7A /* PBXTargetDependency */,
			);
			name = PasteHelperDemoTests;
			productName = PasteHelperDemoTests;
			productReference = 0B6A966F289D7571001D4A7A /* PasteHelperDemoTests.xctest */;
			productType = "com.apple.product-type.bundle.unit-test";
		};
		0B6A9678289D7571001D4A7A /* PasteHelperDemoUITests */ = {
			isa = PBXNativeTarget;
			buildConfigurationList = 0B6A9689289D7571001D4A7A /* Build configuration list for PBXNativeTarget "PasteHelperDemoUITests" */;
			buildPhases = (
				0B6A9675289D7571001D4A7A /* Sources */,
				0B6A9676289D7571001D4A7A /* Frameworks */,
				0B6A9677289D7571001D4A7A /* Resources */,
			);
			buildRules = (
			);
			dependencies = (
				0B6A967B289D7571001D4A7A /* PBXTargetDependency */,
			);
			name = PasteHelperDemoUITests;
			productName = PasteHelperDemoUITests;
			productReference = 0B6A9679289D7571001D4A7A /* PasteHelperDemoUITests.xctest */;
			productType = "com.apple.product-type.bundle.ui-testing";
		};
/* End PBXNativeTarget section */

/* Begin PBXProject section */
		0B6A9651289D756F001D4A7A /* Project object */ = {
			isa = PBXProject;
			attributes = {
				BuildIndependentTargetsInParallel = 1;
				LastSwiftUpdateCheck = 1340;
				LastUpgradeCheck = 1340;
				TargetAttributes = {
					0B6A9658289D756F001D4A7A = {
						CreatedOnToolsVersion = 13.4.1;
					};
					0B6A966E289D7571001D4A7A = {
						CreatedOnToolsVersion = 13.4.1;
						TestTargetID = 0B6A9658289D756F001D4A7A;
					};
					0B6A9678289D7571001D4A7A = {
						CreatedOnToolsVersion = 13.4.1;
						TestTargetID = 0B6A9658289D756F001D4A7A;
					};
				};
			};
			buildConfigurationList = 0B6A9654289D756F001D4A7A /* Build configuration list for PBXProject "PasteHelperDemo" */;
			compatibilityVersion = "Xcode 13.0";
			developmentRegion = en;
			hasScannedForEncodings = 0;
			knownRegions = (
				en,
				Base,
			);
			mainGroup = 0B6A9650289D756F001D4A7A;
			productRefGroup = 0B6A965A289D756F001D4A7A /* Products */;
			projectDirPath = "";
			projectRoot = "";
			targets = (
				0B6A9658289D756F001D4A7A /* PasteHelperDemo */,
				0B6A966E289D7571001D4A7A /* PasteHelperDemoTests */,
				0B6A9678289D7571001D4A7A /* PasteHelperDemoUITests */,
			);
		};
/* End PBXProject section */

/* Begin PBXResourcesBuildPhase section */
		0B6A9657289D756F001D4A7A /* Resources */ = {
			isa = PBXResourcesBuildPhase;
			buildActionMask = 2147483647;
			files = (
				0B6A9669289D7570001D4A7A /* LaunchScreen.storyboard in Resources */,
				0B22D11F28A1255A004F69C2 /* icons8-paste.png in Resources */,
				0B6A9666289D7570001D4A7A /* Assets.xcassets in Resources */,
				0B6A9664289D756F001D4A7A /* Main.storyboard in Resources */,
			);
			runOnlyForDeploymentPostprocessing = 0;
		};
		0B6A966D289D7571001D4A7A /* Resources */ = {
			isa = PBXResourcesBuildPhase;
			buildActionMask = 2147483647;
			files = (
			);
			runOnlyForDeploymentPostprocessing = 0;
		};
		0B6A9677289D7571001D4A7A /* Resources */ = {
			isa = PBXResourcesBuildPhase;
			buildActionMask = 2147483647;
			files = (
			);
			runOnlyForDeploymentPostprocessing = 0;
		};
/* End PBXResourcesBuildPhase section */

/* Begin PBXSourcesBuildPhase section */
		0B6A9655289D756F001D4A7A /* Sources */ = {
			isa = PBXSourcesBuildPhase;
			buildActionMask = 2147483647;
			files = (
				0B6A968F289D75D0001D4A7A /* Extensions.swift in Sources */,
				0B6A9661289D756F001D4A7A /* ViewController.swift in Sources */,
				0B6A968D289D7597001D4A7A /* LContextView.swift in Sources */,
				0B22D11C28A122DC004F69C2 /* PastableTextField.swift in Sources */,
				0B6A965D289D756F001D4A7A /* AppDelegate.swift in Sources */,
				0B6A965F289D756F001D4A7A /* SceneDelegate.swift in Sources */,
			);
			runOnlyForDeploymentPostprocessing = 0;
		};
		0B6A966B289D7571001D4A7A /* Sources */ = {
			isa = PBXSourcesBuildPhase;
			buildActionMask = 2147483647;
			files = (
				0B6A9674289D7571001D4A7A /* PasteHelperDemoTests.swift in Sources */,
			);
			runOnlyForDeploymentPostprocessing = 0;
		};
		0B6A9675289D7571001D4A7A /* Sources */ = {
			isa = PBXSourcesBuildPhase;
			buildActionMask = 2147483647;
			files = (
				0B6A967E289D7571001D4A7A /* PasteHelperDemoUITests.swift in Sources */,
				0B6A9680289D7571001D4A7A /* PasteHelperDemoUITestsLaunchTests.swift in Sources */,
			);
			runOnlyForDeploymentPostprocessing = 0;
		};
/* End PBXSourcesBuildPhase section */

/* Begin PBXTargetDependency section */
		0B6A9671289D7571001D4A7A /* PBXTargetDependency */ = {
			isa = PBXTargetDependency;
			target = 0B6A9658289D756F001D4A7A /* PasteHelperDemo */;
			targetProxy = 0B6A9670289D7571001D4A7A /* PBXContainerItemProxy */;
		};
		0B6A967B289D7571001D4A7A /* PBXTargetDependency */ = {
			isa = PBXTargetDependency;
			target = 0B6A9658289D756F001D4A7A /* PasteHelperDemo */;
			targetProxy = 0B6A967A289D7571001D4A7A /* PBXContainerItemProxy */;
		};
/* End PBXTargetDependency section */

/* Begin PBXVariantGroup section */
		0B6A9662289D756F001D4A7A /* Main.storyboard */ = {
			isa = PBXVariantGroup;
			children = (
				0B6A9663289D756F001D4A7A /* Base */,
			);
			name = Main.storyboard;
			sourceTree = "<group>";
		};
		0B6A9667289D7570001D4A7A /* LaunchScreen.storyboard */ = {
			isa = PBXVariantGroup;
			children = (
				0B6A9668289D7570001D4A7A /* Base */,
			);
			name = LaunchScreen.storyboard;
			sourceTree = "<group>";
		};
/* End PBXVariantGroup section */

/* Begin XCBuildConfiguration section */
		0B6A9681289D7571001D4A7A /* Debug */ = {
			isa = XCBuildConfiguration;
			buildSettings = {
				ALWAYS_SEARCH_USER_PATHS = NO;
				CLANG_ANALYZER_NONNULL = YES;
				CLANG_ANALYZER_NUMBER_OBJECT_CONVERSION = YES_AGGRESSIVE;
				CLANG_CXX_LANGUAGE_STANDARD = "gnu++17";
				CLANG_ENABLE_MODULES = YES;
				CLANG_ENABLE_OBJC_ARC = YES;
				CLANG_ENABLE_OBJC_WEAK = YES;
				CLANG_WARN_BLOCK_CAPTURE_AUTORELEASING = YES;
				CLANG_WARN_BOOL_CONVERSION = YES;
				CLANG_WARN_COMMA = YES;
				CLANG_WARN_CONSTANT_CONVERSION = YES;
				CLANG_WARN_DEPRECATED_OBJC_IMPLEMENTATIONS = YES;
				CLANG_WARN_DIRECT_OBJC_ISA_USAGE = YES_ERROR;
				CLANG_WARN_DOCUMENTATION_COMMENTS = YES;
				CLANG_WARN_EMPTY_BODY = YES;
				CLANG_WARN_ENUM_CONVERSION = YES;
				CLANG_WARN_INFINITE_RECURSION = YES;
				CLANG_WARN_INT_CONVERSION = YES;
				CLANG_WARN_NON_LITERAL_NULL_CONVERSION = YES;
				CLANG_WARN_OBJC_IMPLICIT_RETAIN_SELF = YES;
				CLANG_WARN_OBJC_LITERAL_CONVERSION = YES;
				CLANG_WARN_OBJC_ROOT_CLASS = YES_ERROR;
				CLANG_WARN_QUOTED_INCLUDE_IN_FRAMEWORK_HEADER = YES;
				CLANG_WARN_RANGE_LOOP_ANALYSIS = YES;
				CLANG_WARN_STRICT_PROTOTYPES = YES;
				CLANG_WARN_SUSPICIOUS_MOVE = YES;
				CLANG_WARN_UNGUARDED_AVAILABILITY = YES_AGGRESSIVE;
				CLANG_WARN_UNREACHABLE_CODE = YES;
				CLANG_WARN__DUPLICATE_METHOD_MATCH = YES;
				COPY_PHASE_STRIP = NO;
				DEBUG_INFORMATION_FORMAT = dwarf;
				ENABLE_STRICT_OBJC_MSGSEND = YES;
				ENABLE_TESTABILITY = YES;
				GCC_C_LANGUAGE_STANDARD = gnu11;
				GCC_DYNAMIC_NO_PIC = NO;
				GCC_NO_COMMON_BLOCKS = YES;
				GCC_OPTIMIZATION_LEVEL = 0;
				GCC_PREPROCESSOR_DEFINITIONS = (
					"DEBUG=1",
					"$(inherited)",
				);
				GCC_WARN_64_TO_32_BIT_CONVERSION = YES;
				GCC_WARN_ABOUT_RETURN_TYPE = YES_ERROR;
				GCC_WARN_UNDECLARED_SELECTOR = YES;
				GCC_WARN_UNINITIALIZED_AUTOS = YES_AGGRESSIVE;
				GCC_WARN_UNUSED_FUNCTION = YES;
				GCC_WARN_UNUSED_VARIABLE = YES;
				IPHONEOS_DEPLOYMENT_TARGET = 15.5;
				MTL_ENABLE_DEBUG_INFO = INCLUDE_SOURCE;
				MTL_FAST_MATH = YES;
				ONLY_ACTIVE_ARCH = YES;
				SDKROOT = iphoneos;
				SWIFT_ACTIVE_COMPILATION_CONDITIONS = DEBUG;
				SWIFT_OPTIMIZATION_LEVEL = "-Onone";
			};
			name = Debug;
		};
		0B6A9682289D7571001D4A7A /* Release */ = {
			isa = XCBuildConfiguration;
			buildSettings = {
				ALWAYS_SEARCH_USER_PATHS = NO;
				CLANG_ANALYZER_NONNULL = YES;
				CLANG_ANALYZER_NUMBER_OBJECT_CONVERSION = YES_AGGRESSIVE;
				CLANG_CXX_LANGUAGE_STANDARD = "gnu++17";
				CLANG_ENABLE_MODULES = YES;
				CLANG_ENABLE_OBJC_ARC = YES;
				CLANG_ENABLE_OBJC_WEAK = YES;
				CLANG_WARN_BLOCK_CAPTURE_AUTORELEASING = YES;
				CLANG_WARN_BOOL_CONVERSION = YES;
				CLANG_WARN_COMMA = YES;
				CLANG_WARN_CONSTANT_CONVERSION = YES;
				CLANG_WARN_DEPRECATED_OBJC_IMPLEMENTATIONS = YES;
				CLANG_WARN_DIRECT_OBJC_ISA_USAGE = YES_ERROR;
				CLANG_WARN_DOCUMENTATION_COMMENTS = YES;
				CLANG_WARN_EMPTY_BODY = YES;
				CLANG_WARN_ENUM_CONVERSION = YES;
				CLANG_WARN_INFINITE_RECURSION = YES;
				CLANG_WARN_INT_CONVERSION = YES;
				CLANG_WARN_NON_LITERAL_NULL_CONVERSION = YES;
				CLANG_WARN_OBJC_IMPLICIT_RETAIN_SELF = YES;
				CLANG_WARN_OBJC_LITERAL_CONVERSION = YES;
				CLANG_WARN_OBJC_ROOT_CLASS = YES_ERROR;
				CLANG_WARN_QUOTED_INCLUDE_IN_FRAMEWORK_HEADER = YES;
				CLANG_WARN_RANGE_LOOP_ANALYSIS = YES;
				CLANG_WARN_STRICT_PROTOTYPES = YES;
				CLANG_WARN_SUSPICIOUS_MOVE = YES;
				CLANG_WARN_UNGUARDED_AVAILABILITY = YES_AGGRESSIVE;
				CLANG_WARN_UNREACHABLE_CODE = YES;
				CLANG_WARN__DUPLICATE_METHOD_MATCH = YES;
				COPY_PHASE_STRIP = NO;
				DEBUG_INFORMATION_FORMAT = "dwarf-with-dsym";
				ENABLE_NS_ASSERTIONS = NO;
				ENABLE_STRICT_OBJC_MSGSEND = YES;
				GCC_C_LANGUAGE_STANDARD = gnu11;
				GCC_NO_COMMON_BLOCKS = YES;
				GCC_WARN_64_TO_32_BIT_CONVERSION = YES;
				GCC_WARN_ABOUT_RETURN_TYPE = YES_ERROR;
				GCC_WARN_UNDECLARED_SELECTOR = YES;
				GCC_WARN_UNINITIALIZED_AUTOS = YES_AGGRESSIVE;
				GCC_WARN_UNUSED_FUNCTION = YES;
				GCC_WARN_UNUSED_VARIABLE = YES;
				IPHONEOS_DEPLOYMENT_TARGET = 15.5;
				MTL_ENABLE_DEBUG_INFO = NO;
				MTL_FAST_MATH = YES;
				SDKROOT = iphoneos;
				SWIFT_COMPILATION_MODE = wholemodule;
				SWIFT_OPTIMIZATION_LEVEL = "-O";
				VALIDATE_PRODUCT = YES;
			};
			name = Release;
		};
		0B6A9684289D7571001D4A7A /* Debug */ = {
			isa = XCBuildConfiguration;
			buildSettings = {
				ASSETCATALOG_COMPILER_APPICON_NAME = AppIcon;
				ASSETCATALOG_COMPILER_GLOBAL_ACCENT_COLOR_NAME = AccentColor;
				CODE_SIGN_STYLE = Automatic;
				CURRENT_PROJECT_VERSION = 1;
				DEVELOPMENT_TEAM = 63BQPADX5U;
				GENERATE_INFOPLIST_FILE = YES;
				INFOPLIST_FILE = PasteHelperDemo/Info.plist;
				INFOPLIST_KEY_UIApplicationSupportsIndirectInputEvents = YES;
				INFOPLIST_KEY_UILaunchStoryboardName = LaunchScreen;
				INFOPLIST_KEY_UIMainStoryboardFile = Main;
				INFOPLIST_KEY_UISupportedInterfaceOrientations_iPad = "UIInterfaceOrientationPortrait UIInterfaceOrientationPortraitUpsideDown UIInterfaceOrientationLandscapeLeft";
				INFOPLIST_KEY_UISupportedInterfaceOrientations_iPhone = UIInterfaceOrientationPortrait;
				LD_RUNPATH_SEARCH_PATHS = (
					"$(inherited)",
					"@executable_path/Frameworks",
				);
				MARKETING_VERSION = 1.0;
				PRODUCT_BUNDLE_IDENTIFIER = com.ahmadreza.PasteHelperDemo;
				PRODUCT_NAME = "$(TARGET_NAME)";
				SWIFT_EMIT_LOC_STRINGS = YES;
				SWIFT_VERSION = 5.0;
				TARGETED_DEVICE_FAMILY = 1;
			};
			name = Debug;
		};
		0B6A9685289D7571001D4A7A /* Release */ = {
			isa = XCBuildConfiguration;
			buildSettings = {
				ASSETCATALOG_COMPILER_APPICON_NAME = AppIcon;
				ASSETCATALOG_COMPILER_GLOBAL_ACCENT_COLOR_NAME = AccentColor;
				CODE_SIGN_STYLE = Automatic;
				CURRENT_PROJECT_VERSION = 1;
				DEVELOPMENT_TEAM = 63BQPADX5U;
				GENERATE_INFOPLIST_FILE = YES;
				INFOPLIST_FILE = PasteHelperDemo/Info.plist;
				INFOPLIST_KEY_UIApplicationSupportsIndirectInputEvents = YES;
				INFOPLIST_KEY_UILaunchStoryboardName = LaunchScreen;
				INFOPLIST_KEY_UIMainStoryboardFile = Main;
				INFOPLIST_KEY_UISupportedInterfaceOrientations_iPad = "UIInterfaceOrientationPortrait UIInterfaceOrientationPortraitUpsideDown UIInterfaceOrientationLandscapeLeft";
				INFOPLIST_KEY_UISupportedInterfaceOrientations_iPhone = UIInterfaceOrientationPortrait;
				LD_RUNPATH_SEARCH_PATHS = (
					"$(inherited)",
					"@executable_path/Frameworks",
				);
				MARKETING_VERSION = 1.0;
				PRODUCT_BUNDLE_IDENTIFIER = com.ahmadreza.PasteHelperDemo;
				PRODUCT_NAME = "$(TARGET_NAME)";
				SWIFT_EMIT_LOC_STRINGS = YES;
				SWIFT_VERSION = 5.0;
				TARGETED_DEVICE_FAMILY = 1;
			};
			name = Release;
		};
		0B6A9687289D7571001D4A7A /* Debug */ = {
			isa = XCBuildConfiguration;
			buildSettings = {
				ALWAYS_EMBED_SWIFT_STANDARD_LIBRARIES = YES;
				BUNDLE_LOADER = "$(TEST_HOST)";
				CODE_SIGN_STYLE = Automatic;
				CURRENT_PROJECT_VERSION = 1;
				DEVELOPMENT_TEAM = 63BQPADX5U;
				GENERATE_INFOPLIST_FILE = YES;
				IPHONEOS_DEPLOYMENT_TARGET = 15.5;
				MARKETING_VERSION = 1.0;
				PRODUCT_BUNDLE_IDENTIFIER = com.ahmadreza.PasteHelperDemoTests;
				PRODUCT_NAME = "$(TARGET_NAME)";
				SWIFT_EMIT_LOC_STRINGS = NO;
				SWIFT_VERSION = 5.0;
				TARGETED_DEVICE_FAMILY = "1,2";
				TEST_HOST = "$(BUILT_PRODUCTS_DIR)/PasteHelperDemo.app/PasteHelperDemo";
			};
			name = Debug;
		};
		0B6A9688289D7571001D4A7A /* Release */ = {
			isa = XCBuildConfiguration;
			buildSettings = {
				ALWAYS_EMBED_SWIFT_STANDARD_LIBRARIES = YES;
				BUNDLE_LOADER = "$(TEST_HOST)";
				CODE_SIGN_STYLE = Automatic;
				CURRENT_PROJECT_VERSION = 1;
				DEVELOPMENT_TEAM = 63BQPADX5U;
				GENERATE_INFOPLIST_FILE = YES;
				IPHONEOS_DEPLOYMENT_TARGET = 15.5;
				MARKETING_VERSION = 1.0;
				PRODUCT_BUNDLE_IDENTIFIER = com.ahmadreza.PasteHelperDemoTests;
				PRODUCT_NAME = "$(TARGET_NAME)";
				SWIFT_EMIT_LOC_STRINGS = NO;
				SWIFT_VERSION = 5.0;
				TARGETED_DEVICE_FAMILY = "1,2";
				TEST_HOST = "$(BUILT_PRODUCTS_DIR)/PasteHelperDemo.app/PasteHelperDemo";
			};
			name = Release;
		};
		0B6A968A289D7571001D4A7A /* Debug */ = {
			isa = XCBuildConfiguration;
			buildSettings = {
				ALWAYS_EMBED_SWIFT_STANDARD_LIBRARIES = YES;
				CODE_SIGN_STYLE = Automatic;
				CURRENT_PROJECT_VERSION = 1;
				DEVELOPMENT_TEAM = 63BQPADX5U;
				GENERATE_INFOPLIST_FILE = YES;
				MARKETING_VERSION = 1.0;
				PRODUCT_BUNDLE_IDENTIFIER = com.ahmadreza.PasteHelperDemoUITests;
				PRODUCT_NAME = "$(TARGET_NAME)";
				SWIFT_EMIT_LOC_STRINGS = NO;
				SWIFT_VERSION = 5.0;
				TARGETED_DEVICE_FAMILY = "1,2";
				TEST_TARGET_NAME = PasteHelperDemo;
			};
			name = Debug;
		};
		0B6A968B289D7571001D4A7A /* Release */ = {
			isa = XCBuildConfiguration;
			buildSettings = {
				ALWAYS_EMBED_SWIFT_STANDARD_LIBRARIES = YES;
				CODE_SIGN_STYLE = Automatic;
				CURRENT_PROJECT_VERSION = 1;
				DEVELOPMENT_TEAM = 63BQPADX5U;
				GENERATE_INFOPLIST_FILE = YES;
				MARKETING_VERSION = 1.0;
				PRODUCT_BUNDLE_IDENTIFIER = com.ahmadreza.PasteHelperDemoUITests;
				PRODUCT_NAME = "$(TARGET_NAME)";
				SWIFT_EMIT_LOC_STRINGS = NO;
				SWIFT_VERSION = 5.0;
				TARGETED_DEVICE_FAMILY = "1,2";
				TEST_TARGET_NAME = PasteHelperDemo;
			};
			name = Release;
		};
/* End XCBuildConfiguration section */

/* Begin XCConfigurationList section */
		0B6A9654289D756F001D4A7A /* Build configuration list for PBXProject "PasteHelperDemo" */ = {
			isa = XCConfigurationList;
			buildConfigurations = (
				0B6A9681289D7571001D4A7A /* Debug */,
				0B6A9682289D7571001D4A7A /* Release */,
			);
			defaultConfigurationIsVisible = 0;
			defaultConfigurationName = Release;
		};
		0B6A9683289D7571001D4A7A /* Build configuration list for PBXNativeTarget "PasteHelperDemo" */ = {
			isa = XCConfigurationList;
			buildConfigurations = (
				0B6A9684289D7571001D4A7A /* Debug */,
				0B6A9685289D7571001D4A7A /* Release */,
			);
			defaultConfigurationIsVisible = 0;
			defaultConfigurationName = Release;
		};
		0B6A9686289D7571001D4A7A /* Build configuration list for PBXNativeTarget "PasteHelperDemoTests" */ = {
			isa = XCConfigurationList;
			buildConfigurations = (
				0B6A9687289D7571001D4A7A /* Debug */,
				0B6A9688289D7571001D4A7A /* Release */,
			);
			defaultConfigurationIsVisible = 0;
			defaultConfigurationName = Release;
		};
		0B6A9689289D7571001D4A7A /* Build configuration list for PBXNativeTarget "PasteHelperDemoUITests" */ = {
			isa = XCConfigurationList;
			buildConfigurations = (
				0B6A968A289D7571001D4A7A /* Debug */,
				0B6A968B289D7571001D4A7A /* Release */,
			);
			defaultConfigurationIsVisible = 0;
			defaultConfigurationName = Release;
		};
/* End XCConfigurationList section */
	};
	rootObject = 0B6A9651289D756F001D4A7A /* Project object */;
}
